// !$*UTF8*$!
{
	archiveVersion = 1;
	classes = {
	};
	objectVersion = 77;
	objects = {

/* Begin PBXBuildFile section */
		B1D595722CD00C5B00A5E183 /* StopMotionEditor in Frameworks */ = {isa = PBXBuildFile; productRef = B1D595712CD00C5B00A5E183 /* StopMotionEditor */; };
/* End PBXBuildFile section */

/* Begin PBXContainerItemProxy section */
		B14336372CCFFA210030142A /* PBXContainerItemProxy */ = {
			isa = PBXContainerItemProxy;
			containerPortal = B143361E2CCFFA200030142A /* Project object */;
			proxyType = 1;
			remoteGlobalIDString = B14336252CCFFA200030142A;
			remoteInfo = StopMotion;
		};
		B14336412CCFFA210030142A /* PBXContainerItemProxy */ = {
			isa = PBXContainerItemProxy;
			containerPortal = B143361E2CCFFA200030142A /* Project object */;
			proxyType = 1;
			remoteGlobalIDString = B14336252CCFFA200030142A;
			remoteInfo = StopMotion;
		};
/* End PBXContainerItemProxy section */

/* Begin PBXFileReference section */
		B14336262CCFFA200030142A /* StopMotion.app */ = {isa = PBXFileReference; explicitFileType = wrapper.application; includeInIndex = 0; path = StopMotion.app; sourceTree = BUILT_PRODUCTS_DIR; };
		B14336362CCFFA210030142A /* StopMotionTests.xctest */ = {isa = PBXFileReference; explicitFileType = wrapper.cfbundle; includeInIndex = 0; path = StopMotionTests.xctest; sourceTree = BUILT_PRODUCTS_DIR; };
		B14336402CCFFA210030142A /* StopMotionUITests.xctest */ = {isa = PBXFileReference; explicitFileType = wrapper.cfbundle; includeInIndex = 0; path = StopMotionUITests.xctest; sourceTree = BUILT_PRODUCTS_DIR; };
/* End PBXFileReference section */

/* Begin PBXFileSystemSynchronizedRootGroup section */
		B14336282CCFFA200030142A /* StopMotion */ = {
			isa = PBXFileSystemSynchronizedRootGroup;
			path = StopMotion;
			sourceTree = "<group>";
		};
		B14336392CCFFA210030142A /* StopMotionTests */ = {
			isa = PBXFileSystemSynchronizedRootGroup;
			path = StopMotionTests;
			sourceTree = "<group>";
		};
		B14336432CCFFA210030142A /* StopMotionUITests */ = {
			isa = PBXFileSystemSynchronizedRootGroup;
			path = StopMotionUITests;
			sourceTree = "<group>";
		};
/* End PBXFileSystemSynchronizedRootGroup section */

/* Begin PBXFrameworksBuildPhase section */
		B14336232CCFFA200030142A /* Frameworks */ = {
			isa = PBXFrameworksBuildPhase;
			buildActionMask = 2147483647;
			files = (
				B1D595722CD00C5B00A5E183 /* StopMotionEditor in Frameworks */,
			);
			runOnlyForDeploymentPostprocessing = 0;
		};
		B14336332CCFFA210030142A /* Frameworks */ = {
			isa = PBXFrameworksBuildPhase;
			buildActionMask = 2147483647;
			files = (
			);
			runOnlyForDeploymentPostprocessing = 0;
		};
		B143363D2CCFFA210030142A /* Frameworks */ = {
			isa = PBXFrameworksBuildPhase;
			buildActionMask = 2147483647;
			files = (
			);
			runOnlyForDeploymentPostprocessing = 0;
		};
/* End PBXFrameworksBuildPhase section */

/* Begin PBXGroup section */
		B143361D2CCFFA200030142A = {
			isa = PBXGroup;
			children = (
				B14336282CCFFA200030142A /* StopMotion */,
				B14336392CCFFA210030142A /* StopMotionTests */,
				B14336432CCFFA210030142A /* StopMotionUITests */,
				B1D595702CD00C5B00A5E183 /* Frameworks */,
				B14336272CCFFA200030142A /* Products */,
			);
			sourceTree = "<group>";
		};
		B14336272CCFFA200030142A /* Products */ = {
			isa = PBXGroup;
			children = (
				B14336262CCFFA200030142A /* StopMotion.app */,
				B14336362CCFFA210030142A /* StopMotionTests.xctest */,
				B14336402CCFFA210030142A /* StopMotionUITests.xctest */,
			);
			name = Products;
			sourceTree = "<group>";
		};
		B1D595702CD00C5B00A5E183 /* Frameworks */ = {
			isa = PBXGroup;
			children = (
			);
			name = Frameworks;
			sourceTree = "<group>";
		};
/* End PBXGroup section */

/* Begin PBXNativeTarget section */
		B14336252CCFFA200030142A /* StopMotion */ = {
			isa = PBXNativeTarget;
			buildConfigurationList = B143364A2CCFFA210030142A /* Build configuration list for PBXNativeTarget "StopMotion" */;
			buildPhases = (
				B14336222CCFFA200030142A /* Sources */,
				B14336232CCFFA200030142A /* Frameworks */,
				B14336242CCFFA200030142A /* Resources */,
			);
			buildRules = (
			);
			dependencies = (
			);
			fileSystemSynchronizedGroups = (
				B14336282CCFFA200030142A /* StopMotion */,
			);
			name = StopMotion;
			packageProductDependencies = (
				B1D595712CD00C5B00A5E183 /* StopMotionEditor */,
			);
			productName = StopMotion;
			productReference = B14336262CCFFA200030142A /* StopMotion.app */;
			productType = "com.apple.product-type.application";
		};
		B14336352CCFFA210030142A /* StopMotionTests */ = {
			isa = PBXNativeTarget;
			buildConfigurationList = B143364D2CCFFA210030142A /* Build configuration list for PBXNativeTarget "StopMotionTests" */;
			buildPhases = (
				B14336322CCFFA210030142A /* Sources */,
				B14336332CCFFA210030142A /* Frameworks */,
				B14336342CCFFA210030142A /* Resources */,
			);
			buildRules = (
			);
			dependencies = (
				B14336382CCFFA210030142A /* PBXTargetDependency */,
			);
			fileSystemSynchronizedGroups = (
				B14336392CCFFA210030142A /* StopMotionTests */,
			);
			name = StopMotionTests;
			packageProductDependencies = (
			);
			productName = StopMotionTests;
			productReference = B14336362CCFFA210030142A /* StopMotionTests.xctest */;
			productType = "com.apple.product-type.bundle.unit-test";
		};
		B143363F2CCFFA210030142A /* StopMotionUITests */ = {
			isa = PBXNativeTarget;
			buildConfigurationList = B14336502CCFFA210030142A /* Build configuration list for PBXNativeTarget "StopMotionUITests" */;
			buildPhases = (
				B143363C2CCFFA210030142A /* Sources */,
				B143363D2CCFFA210030142A /* Frameworks */,
				B143363E2CCFFA210030142A /* Resources */,
			);
			buildRules = (
			);
			dependencies = (
				B14336422CCFFA210030142A /* PBXTargetDependency */,
			);
			fileSystemSynchronizedGroups = (
				B14336432CCFFA210030142A /* StopMotionUITests */,
			);
			name = StopMotionUITests;
			packageProductDependencies = (
			);
			productName = StopMotionUITests;
			productReference = B14336402CCFFA210030142A /* StopMotionUITests.xctest */;
			productType = "com.apple.product-type.bundle.ui-testing";
		};
/* End PBXNativeTarget section */

/* Begin PBXProject section */
		B143361E2CCFFA200030142A /* Project object */ = {
			isa = PBXProject;
			attributes = {
				BuildIndependentTargetsInParallel = 1;
				LastSwiftUpdateCheck = 1610;
				LastUpgradeCheck = 1610;
				TargetAttributes = {
					B14336252CCFFA200030142A = {
						CreatedOnToolsVersion = 16.1;
					};
					B14336352CCFFA210030142A = {
						CreatedOnToolsVersion = 16.1;
						TestTargetID = B14336252CCFFA200030142A;
					};
					B143363F2CCFFA210030142A = {
						CreatedOnToolsVersion = 16.1;
						TestTargetID = B14336252CCFFA200030142A;
					};
				};
			};
			buildConfigurationList = B14336212CCFFA200030142A /* Build configuration list for PBXProject "StopMotion" */;
			developmentRegion = en;
			hasScannedForEncodings = 0;
			knownRegions = (
				en,
				Base,
			);
			mainGroup = B143361D2CCFFA200030142A;
			minimizedProjectReferenceProxies = 1;
			packageReferences = (
				B14336532CD000160030142A /* XCLocalSwiftPackageReference "Packages/stop-motion-package" */,
			);
			preferredProjectObjectVersion = 77;
			productRefGroup = B14336272CCFFA200030142A /* Products */;
			projectDirPath = "";
			projectRoot = "";
			targets = (
				B14336252CCFFA200030142A /* StopMotion */,
				B14336352CCFFA210030142A /* StopMotionTests */,
				B143363F2CCFFA210030142A /* StopMotionUITests */,
			);
		};
/* End PBXProject section */

/* Begin PBXResourcesBuildPhase section */
		B14336242CCFFA200030142A /* Resources */ = {
			isa = PBXResourcesBuildPhase;
			buildActionMask = 2147483647;
			files = (
			);
			runOnlyForDeploymentPostprocessing = 0;
		};
		B14336342CCFFA210030142A /* Resources */ = {
			isa = PBXResourcesBuildPhase;
			buildActionMask = 2147483647;
			files = (
			);
			runOnlyForDeploymentPostprocessing = 0;
		};
		B143363E2CCFFA210030142A /* Resources */ = {
			isa = PBXResourcesBuildPhase;
			buildActionMask = 2147483647;
			files = (
			);
			runOnlyForDeploymentPostprocessing = 0;
		};
/* End PBXResourcesBuildPhase section */

/* Begin PBXSourcesBuildPhase section */
		B14336222CCFFA200030142A /* Sources */ = {
			isa = PBXSourcesBuildPhase;
			buildActionMask = 2147483647;
			files = (
			);
			runOnlyForDeploymentPostprocessing = 0;
		};
		B14336322CCFFA210030142A /* Sources */ = {
			isa = PBXSourcesBuildPhase;
			buildActionMask = 2147483647;
			files = (
			);
			runOnlyForDeploymentPostprocessing = 0;
		};
		B143363C2CCFFA210030142A /* Sources */ = {
			isa = PBXSourcesBuildPhase;
			buildActionMask = 2147483647;
			files = (
			);
			runOnlyForDeploymentPostprocessing = 0;
		};
/* End PBXSourcesBuildPhase section */

/* Begin PBXTargetDependency section */
		B14336382CCFFA210030142A /* PBXTargetDependency */ = {
			isa = PBXTargetDependency;
			target = B14336252CCFFA200030142A /* StopMotion */;
			targetProxy = B14336372CCFFA210030142A /* PBXContainerItemProxy */;
		};
		B14336422CCFFA210030142A /* PBXTargetDependency */ = {
			isa = PBXTargetDependency;
			target = B14336252CCFFA200030142A /* StopMotion */;
			targetProxy = B14336412CCFFA210030142A /* PBXContainerItemProxy */;
		};
/* End PBXTargetDependency section */

/* Begin XCBuildConfiguration section */
		B14336482CCFFA210030142A /* Debug */ = {
			isa = XCBuildConfiguration;
			buildSettings = {
				ALWAYS_SEARCH_USER_PATHS = NO;
				ASSETCATALOG_COMPILER_GENERATE_SWIFT_ASSET_SYMBOL_EXTENSIONS = YES;
				CLANG_ANALYZER_NONNULL = YES;
				CLANG_ANALYZER_NUMBER_OBJECT_CONVERSION = YES_AGGRESSIVE;
				CLANG_CXX_LANGUAGE_STANDARD = "gnu++20";
				CLANG_ENABLE_MODULES = YES;
				CLANG_ENABLE_OBJC_ARC = YES;
				CLANG_ENABLE_OBJC_WEAK = YES;
				CLANG_WARN_BLOCK_CAPTURE_AUTORELEASING = YES;
				CLANG_WARN_BOOL_CONVERSION = YES;
				CLANG_WARN_COMMA = YES;
				CLANG_WARN_CONSTANT_CONVERSION = YES;
				CLANG_WARN_DEPRECATED_OBJC_IMPLEMENTATIONS = YES;
				CLANG_WARN_DIRECT_OBJC_ISA_USAGE = YES_ERROR;
				CLANG_WARN_DOCUMENTATION_COMMENTS = YES;
				CLANG_WARN_EMPTY_BODY = YES;
				CLANG_WARN_ENUM_CONVERSION = YES;
				CLANG_WARN_INFINITE_RECURSION = YES;
				CLANG_WARN_INT_CONVERSION = YES;
				CLANG_WARN_NON_LITERAL_NULL_CONVERSION = YES;
				CLANG_WARN_OBJC_IMPLICIT_RETAIN_SELF = YES;
				CLANG_WARN_OBJC_LITERAL_CONVERSION = YES;
				CLANG_WARN_OBJC_ROOT_CLASS = YES_ERROR;
				CLANG_WARN_QUOTED_INCLUDE_IN_FRAMEWORK_HEADER = YES;
				CLANG_WARN_RANGE_LOOP_ANALYSIS = YES;
				CLANG_WARN_STRICT_PROTOTYPES = YES;
				CLANG_WARN_SUSPICIOUS_MOVE = YES;
				CLANG_WARN_UNGUARDED_AVAILABILITY = YES_AGGRESSIVE;
				CLANG_WARN_UNREACHABLE_CODE = YES;
				CLANG_WARN__DUPLICATE_METHOD_MATCH = YES;
				COPY_PHASE_STRIP = NO;
				DEBUG_INFORMATION_FORMAT = dwarf;
				ENABLE_STRICT_OBJC_MSGSEND = YES;
				ENABLE_TESTABILITY = YES;
				ENABLE_USER_SCRIPT_SANDBOXING = YES;
				GCC_C_LANGUAGE_STANDARD = gnu17;
				GCC_DYNAMIC_NO_PIC = NO;
				GCC_NO_COMMON_BLOCKS = YES;
				GCC_OPTIMIZATION_LEVEL = 0;
				GCC_PREPROCESSOR_DEFINITIONS = (
					"DEBUG=1",
					"$(inherited)",
				);
				GCC_WARN_64_TO_32_BIT_CONVERSION = YES;
				GCC_WARN_ABOUT_RETURN_TYPE = YES_ERROR;
				GCC_WARN_UNDECLARED_SELECTOR = YES;
				GCC_WARN_UNINITIALIZED_AUTOS = YES_AGGRESSIVE;
				GCC_WARN_UNUSED_FUNCTION = YES;
				GCC_WARN_UNUSED_VARIABLE = YES;
				IPHONEOS_DEPLOYMENT_TARGET = 17.6;
				LOCALIZATION_PREFERS_STRING_CATALOGS = YES;
				MTL_ENABLE_DEBUG_INFO = INCLUDE_SOURCE;
				MTL_FAST_MATH = YES;
				ONLY_ACTIVE_ARCH = YES;
				SDKROOT = iphoneos;
				SWIFT_ACTIVE_COMPILATION_CONDITIONS = "DEBUG $(inherited)";
				SWIFT_OPTIMIZATION_LEVEL = "-Onone";
			};
			name = Debug;
		};
		B14336492CCFFA210030142A /* Release */ = {
			isa = XCBuildConfiguration;
			buildSettings = {
				ALWAYS_SEARCH_USER_PATHS = NO;
				ASSETCATALOG_COMPILER_GENERATE_SWIFT_ASSET_SYMBOL_EXTENSIONS = YES;
				CLANG_ANALYZER_NONNULL = YES;
				CLANG_ANALYZER_NUMBER_OBJECT_CONVERSION = YES_AGGRESSIVE;
				CLANG_CXX_LANGUAGE_STANDARD = "gnu++20";
				CLANG_ENABLE_MODULES = YES;
				CLANG_ENABLE_OBJC_ARC = YES;
				CLANG_ENABLE_OBJC_WEAK = YES;
				CLANG_WARN_BLOCK_CAPTURE_AUTORELEASING = YES;
				CLANG_WARN_BOOL_CONVERSION = YES;
				CLANG_WARN_COMMA = YES;
				CLANG_WARN_CONSTANT_CONVERSION = YES;
				CLANG_WARN_DEPRECATED_OBJC_IMPLEMENTATIONS = YES;
				CLANG_WARN_DIRECT_OBJC_ISA_USAGE = YES_ERROR;
				CLANG_WARN_DOCUMENTATION_COMMENTS = YES;
				CLANG_WARN_EMPTY_BODY = YES;
				CLANG_WARN_ENUM_CONVERSION = YES;
				CLANG_WARN_INFINITE_RECURSION = YES;
				CLANG_WARN_INT_CONVERSION = YES;
				CLANG_WARN_NON_LITERAL_NULL_CONVERSION = YES;
				CLANG_WARN_OBJC_IMPLICIT_RETAIN_SELF = YES;
				CLANG_WARN_OBJC_LITERAL_CONVERSION = YES;
				CLANG_WARN_OBJC_ROOT_CLASS = YES_ERROR;
				CLANG_WARN_QUOTED_INCLUDE_IN_FRAMEWORK_HEADER = YES;
				CLANG_WARN_RANGE_LOOP_ANALYSIS = YES;
				CLANG_WARN_STRICT_PROTOTYPES = YES;
				CLANG_WARN_SUSPICIOUS_MOVE = YES;
				CLANG_WARN_UNGUARDED_AVAILABILITY = YES_AGGRESSIVE;
				CLANG_WARN_UNREACHABLE_CODE = YES;
				CLANG_WARN__DUPLICATE_METHOD_MATCH = YES;
				COPY_PHASE_STRIP = NO;
				DEBUG_INFORMATION_FORMAT = "dwarf-with-dsym";
				ENABLE_NS_ASSERTIONS = NO;
				ENABLE_STRICT_OBJC_MSGSEND = YES;
				ENABLE_USER_SCRIPT_SANDBOXING = YES;
				GCC_C_LANGUAGE_STANDARD = gnu17;
				GCC_NO_COMMON_BLOCKS = YES;
				GCC_WARN_64_TO_32_BIT_CONVERSION = YES;
				GCC_WARN_ABOUT_RETURN_TYPE = YES_ERROR;
				GCC_WARN_UNDECLARED_SELECTOR = YES;
				GCC_WARN_UNINITIALIZED_AUTOS = YES_AGGRESSIVE;
				GCC_WARN_UNUSED_FUNCTION = YES;
				GCC_WARN_UNUSED_VARIABLE = YES;
				IPHONEOS_DEPLOYMENT_TARGET = 17.6;
				LOCALIZATION_PREFERS_STRING_CATALOGS = YES;
				MTL_ENABLE_DEBUG_INFO = NO;
				MTL_FAST_MATH = YES;
				SDKROOT = iphoneos;
				SWIFT_COMPILATION_MODE = wholemodule;
				VALIDATE_PRODUCT = YES;
			};
			name = Release;
		};
		B143364B2CCFFA210030142A /* Debug */ = {
			isa = XCBuildConfiguration;
			buildSettings = {
				ASSETCATALOG_COMPILER_APPICON_NAME = AppIcon;
				ASSETCATALOG_COMPILER_GLOBAL_ACCENT_COLOR_NAME = AccentColor;
				CODE_SIGN_STYLE = Automatic;
				CURRENT_PROJECT_VERSION = 1;
				DEVELOPMENT_TEAM = Q33SM559S3;
				ENABLE_PREVIEWS = YES;
				GENERATE_INFOPLIST_FILE = YES;
				INFOPLIST_KEY_UIApplicationSceneManifest_Generation = YES;
				INFOPLIST_KEY_UIApplicationSupportsIndirectInputEvents = YES;
				INFOPLIST_KEY_UILaunchScreen_Generation = YES;
				INFOPLIST_KEY_UISupportedInterfaceOrientations_iPad = "UIInterfaceOrientationPortrait UIInterfaceOrientationPortraitUpsideDown UIInterfaceOrientationLandscapeLeft UIInterfaceOrientationLandscapeRight";
				INFOPLIST_KEY_UISupportedInterfaceOrientations_iPhone = "UIInterfaceOrientationPortrait UIInterfaceOrientationLandscapeLeft UIInterfaceOrientationLandscapeRight";
				IPHONEOS_DEPLOYMENT_TARGET = 17.0;
				LD_RUNPATH_SEARCH_PATHS = (
					"$(inherited)",
					"@executable_path/Frameworks",
				);
				MARKETING_VERSION = 1.0;
				PRODUCT_BUNDLE_IDENTIFIER = com.ultra.StopMotion;
				PRODUCT_NAME = "$(TARGET_NAME)";
				SWIFT_EMIT_LOC_STRINGS = YES;
				SWIFT_VERSION = 5.0;
				TARGETED_DEVICE_FAMILY = "1,2";
			};
			name = Debug;
		};
		B143364C2CCFFA210030142A /* Release */ = {
			isa = XCBuildConfiguration;
			buildSettings = {
				ASSETCATALOG_COMPILER_APPICON_NAME = AppIcon;
				ASSETCATALOG_COMPILER_GLOBAL_ACCENT_COLOR_NAME = AccentColor;
				CODE_SIGN_STYLE = Automatic;
				CURRENT_PROJECT_VERSION = 1;
				DEVELOPMENT_TEAM = Q33SM559S3;
				ENABLE_PREVIEWS = YES;
				GENERATE_INFOPLIST_FILE = YES;
				INFOPLIST_KEY_UIApplicationSceneManifest_Generation = YES;
				INFOPLIST_KEY_UIApplicationSupportsIndirectInputEvents = YES;
				INFOPLIST_KEY_UILaunchScreen_Generation = YES;
				INFOPLIST_KEY_UISupportedInterfaceOrientations_iPad = "UIInterfaceOrientationPortrait UIInterfaceOrientationPortraitUpsideDown UIInterfaceOrientationLandscapeLeft UIInterfaceOrientationLandscapeRight";
				INFOPLIST_KEY_UISupportedInterfaceOrientations_iPhone = "UIInterfaceOrientationPortrait UIInterfaceOrientationLandscapeLeft UIInterfaceOrientationLandscapeRight";
				IPHONEOS_DEPLOYMENT_TARGET = 17.0;
				LD_RUNPATH_SEARCH_PATHS = (
					"$(inherited)",
					"@executable_path/Frameworks",
				);
				MARKETING_VERSION = 1.0;
				PRODUCT_BUNDLE_IDENTIFIER = com.ultra.StopMotion;
				PRODUCT_NAME = "$(TARGET_NAME)";
				SWIFT_EMIT_LOC_STRINGS = YES;
				SWIFT_VERSION = 5.0;
				TARGETED_DEVICE_FAMILY = "1,2";
			};
			name = Release;
		};
		B143364E2CCFFA210030142A /* Debug */ = {
			isa = XCBuildConfiguration;
			buildSettings = {
				BUNDLE_LOADER = "$(TEST_HOST)";
				CODE_SIGN_STYLE = Automatic;
				CURRENT_PROJECT_VERSION = 1;
				DEVELOPMENT_TEAM = Q33SM559S3;
				GENERATE_INFOPLIST_FILE = YES;
				IPHONEOS_DEPLOYMENT_TARGET = 17.0;
				MARKETING_VERSION = 1.0;
				PRODUCT_BUNDLE_IDENTIFIER = com.ultra.StopMotionTests;
				PRODUCT_NAME = "$(TARGET_NAME)";
				SWIFT_EMIT_LOC_STRINGS = NO;
				SWIFT_VERSION = 5.0;
				TARGETED_DEVICE_FAMILY = "1,2";
				TEST_HOST = "$(BUILT_PRODUCTS_DIR)/StopMotion.app/$(BUNDLE_EXECUTABLE_FOLDER_PATH)/StopMotion";
			};
			name = Debug;
		};
		B143364F2CCFFA210030142A /* Release */ = {
			isa = XCBuildConfiguration;
			buildSettings = {
				BUNDLE_LOADER = "$(TEST_HOST)";
				CODE_SIGN_STYLE = Automatic;
				CURRENT_PROJECT_VERSION = 1;
				DEVELOPMENT_TEAM = Q33SM559S3;
				GENERATE_INFOPLIST_FILE = YES;
				IPHONEOS_DEPLOYMENT_TARGET = 17.0;
				MARKETING_VERSION = 1.0;
				PRODUCT_BUNDLE_IDENTIFIER = com.ultra.StopMotionTests;
				PRODUCT_NAME = "$(TARGET_NAME)";
				SWIFT_EMIT_LOC_STRINGS = NO;
				SWIFT_VERSION = 5.0;
				TARGETED_DEVICE_FAMILY = "1,2";
				TEST_HOST = "$(BUILT_PRODUCTS_DIR)/StopMotion.app/$(BUNDLE_EXECUTABLE_FOLDER_PATH)/StopMotion";
			};
			name = Release;
		};
		B14336512CCFFA210030142A /* Debug */ = {
			isa = XCBuildConfiguration;
			buildSettings = {
				CODE_SIGN_STYLE = Automatic;
				CURRENT_PROJECT_VERSION = 1;
				DEVELOPMENT_TEAM = Q33SM559S3;
				GENERATE_INFOPLIST_FILE = YES;
				IPHONEOS_DEPLOYMENT_TARGET = 17.0;
				MARKETING_VERSION = 1.0;
				PRODUCT_BUNDLE_IDENTIFIER = com.ultra.StopMotionUITests;
				PRODUCT_NAME = "$(TARGET_NAME)";
				SWIFT_EMIT_LOC_STRINGS = NO;
				SWIFT_VERSION = 5.0;
				TARGETED_DEVICE_FAMILY = "1,2";
				TEST_TARGET_NAME = StopMotion;
			};
			name = Debug;
		};
		B14336522CCFFA210030142A /* Release */ = {
			isa = XCBuildConfiguration;
			buildSettings = {
				CODE_SIGN_STYLE = Automatic;
				CURRENT_PROJECT_VERSION = 1;
				DEVELOPMENT_TEAM = Q33SM559S3;
				GENERATE_INFOPLIST_FILE = YES;
				IPHONEOS_DEPLOYMENT_TARGET = 17.0;
				MARKETING_VERSION = 1.0;
				PRODUCT_BUNDLE_IDENTIFIER = com.ultra.StopMotionUITests;
				PRODUCT_NAME = "$(TARGET_NAME)";
				SWIFT_EMIT_LOC_STRINGS = NO;
				SWIFT_VERSION = 5.0;
				TARGETED_DEVICE_FAMILY = "1,2";
				TEST_TARGET_NAME = StopMotion;
			};
			name = Release;
		};
/* End XCBuildConfiguration section */

/* Begin XCConfigurationList section */
		B14336212CCFFA200030142A /* Build configuration list for PBXProject "StopMotion" */ = {
			isa = XCConfigurationList;
			buildConfigurations = (
				B14336482CCFFA210030142A /* Debug */,
				B14336492CCFFA210030142A /* Release */,
			);
			defaultConfigurationIsVisible = 0;
			defaultConfigurationName = Release;
		};
		B143364A2CCFFA210030142A /* Build configuration list for PBXNativeTarget "StopMotion" */ = {
			isa = XCConfigurationList;
			buildConfigurations = (
				B143364B2CCFFA210030142A /* Debug */,
				B143364C2CCFFA210030142A /* Release */,
			);
			defaultConfigurationIsVisible = 0;
			defaultConfigurationName = Release;
		};
		B143364D2CCFFA210030142A /* Build configuration list for PBXNativeTarget "StopMotionTests" */ = {
			isa = XCConfigurationList;
			buildConfigurations = (
				B143364E2CCFFA210030142A /* Debug */,
				B143364F2CCFFA210030142A /* Release */,
			);
			defaultConfigurationIsVisible = 0;
			defaultConfigurationName = Release;
		};
		B14336502CCFFA210030142A /* Build configuration list for PBXNativeTarget "StopMotionUITests" */ = {
			isa = XCConfigurationList;
			buildConfigurations = (
				B14336512CCFFA210030142A /* Debug */,
				B14336522CCFFA210030142A /* Release */,
			);
			defaultConfigurationIsVisible = 0;
			defaultConfigurationName = Release;
		};
/* End XCConfigurationList section */

/* Begin XCLocalSwiftPackageReference section */
		B14336532CD000160030142A /* XCLocalSwiftPackageReference "Packages/stop-motion-package" */ = {
			isa = XCLocalSwiftPackageReference;
			relativePath = "Packages/stop-motion-package";
		};
/* End XCLocalSwiftPackageReference section */

/* Begin XCSwiftPackageProductDependency section */
		B1D595712CD00C5B00A5E183 /* StopMotionEditor */ = {
			isa = XCSwiftPackageProductDependency;
			package = B14336532CD000160030142A /* XCLocalSwiftPackageReference "Packages/stop-motion-package" */;
			productName = StopMotionEditor;
		};
/* End XCSwiftPackageProductDependency section */
	};
	rootObject = B143361E2CCFFA200030142A /* Project object */;
}
